
Microsoft Visual Studio Solution File, Format Version 12.00
# Visual Studio Version 16
VisualStudioVersion = 16.0.32929.386
MinimumVisualStudioVersion = 10.0.40219.1
Project("{2150E333-8FDC-42A3-9474-1A3956D46DE8}") = "Task0", "Task0", "{CA817F5F-CF86-4CCC-B6B9-C617FDBDB76A}"
EndProject
Project("{FAE04EC0-301F-11D3-BF4B-00C04F79EFBC}") = "Tyuiu.NosovaVD.Sprint5.Task0.V24", "Tyuiu.NosovaVD.Sprint5.Task0.V24\Tyuiu.NosovaVD.Sprint5.Task0.V24.csproj", "{FC604095-5972-4636-97DC-CE7F3B10CE28}"
EndProject
Project("{FAE04EC0-301F-11D3-BF4B-00C04F79EFBC}") = "Tyuiu.NosovaVD.Sprint5.Task0.V24.Lib", "Tyuiu.NosovaVD.Sprint5.Task0.V24.Lib\Tyuiu.NosovaVD.Sprint5.Task0.V24.Lib.csproj", "{5F71D97F-D791-4338-B2FA-7CF493BB6643}"
EndProject
Project("{FAE04EC0-301F-11D3-BF4B-00C04F79EFBC}") = "Tyuiu.NosovaVD.Sprint5.Task0.V24.Test", "Tyuiu.NosovaVD.Sprint5.Task0.V24.Test\Tyuiu.NosovaVD.Sprint5.Task0.V24.Test.csproj", "{DE11CC16-C48A-4300-8EF1-67CE91334E01}"
EndProject
Project("{2150E333-8FDC-42A3-9474-1A3956D46DE8}") = "Task1", "Task1", "{8BFE1029-CCBA-4784-B6D9-7C85E03365AA}"
EndProject
Project("{FAE04EC0-301F-11D3-BF4B-00C04F79EFBC}") = "Tyuiu.NosovaVD.Sprint5.Task1.V28", "Tyuiu.NosovaVD.Sprint5.Task1.V28\Tyuiu.NosovaVD.Sprint5.Task1.V28.csproj", "{4681884F-B63A-4F6A-927E-FEAE5B74D11B}"
EndProject
Project("{FAE04EC0-301F-11D3-BF4B-00C04F79EFBC}") = "Tyuiu.NosovaVD.Sprint5.Task1.V28.Lib", "Tyuiu.NosovaVD.Sprint5.Task1.V28.Lib\Tyuiu.NosovaVD.Sprint5.Task1.V28.Lib.csproj", "{31E0D7E3-C39A-4B64-972E-C2F449924683}"
EndProject
Project("{FAE04EC0-301F-11D3-BF4B-00C04F79EFBC}") = "Tyuiu.NosovaVD.Sprint5.Task1.V28.Test", "Tyuiu.NosovaVD.Sprint5.Task1.V28.Test\Tyuiu.NosovaVD.Sprint5.Task1.V28.Test.csproj", "{8ADDDD64-FDFB-43BF-81BB-A9541A9580F0}"
EndProject
Global
	GlobalSection(SolutionConfigurationPlatforms) = preSolution
		Debug|Any CPU = Debug|Any CPU
		Release|Any CPU = Release|Any CPU
	EndGlobalSection
	GlobalSection(ProjectConfigurationPlatforms) = postSolution
		{FC604095-5972-4636-97DC-CE7F3B10CE28}.Debug|Any CPU.ActiveCfg = Debug|Any CPU
		{FC604095-5972-4636-97DC-CE7F3B10CE28}.Debug|Any CPU.Build.0 = Debug|Any CPU
		{FC604095-5972-4636-97DC-CE7F3B10CE28}.Release|Any CPU.ActiveCfg = Release|Any CPU
		{FC604095-5972-4636-97DC-CE7F3B10CE28}.Release|Any CPU.Build.0 = Release|Any CPU
		{5F71D97F-D791-4338-B2FA-7CF493BB6643}.Debug|Any CPU.ActiveCfg = Debug|Any CPU
		{5F71D97F-D791-4338-B2FA-7CF493BB6643}.Debug|Any CPU.Build.0 = Debug|Any CPU
		{5F71D97F-D791-4338-B2FA-7CF493BB6643}.Release|Any CPU.ActiveCfg = Release|Any CPU
		{5F71D97F-D791-4338-B2FA-7CF493BB6643}.Release|Any CPU.Build.0 = Release|Any CPU
		{DE11CC16-C48A-4300-8EF1-67CE91334E01}.Debug|Any CPU.ActiveCfg = Debug|Any CPU
		{DE11CC16-C48A-4300-8EF1-67CE91334E01}.Debug|Any CPU.Build.0 = Debug|Any CPU
		{DE11CC16-C48A-4300-8EF1-67CE91334E01}.Release|Any CPU.ActiveCfg = Release|Any CPU
		{DE11CC16-C48A-4300-8EF1-67CE91334E01}.Release|Any CPU.Build.0 = Release|Any CPU
		{4681884F-B63A-4F6A-927E-FEAE5B74D11B}.Debug|Any CPU.ActiveCfg = Debug|Any CPU
		{4681884F-B63A-4F6A-927E-FEAE5B74D11B}.Debug|Any CPU.Build.0 = Debug|Any CPU
		{4681884F-B63A-4F6A-927E-FEAE5B74D11B}.Release|Any CPU.ActiveCfg = Release|Any CPU
		{4681884F-B63A-4F6A-927E-FEAE5B74D11B}.Release|Any CPU.Build.0 = Release|Any CPU
		{31E0D7E3-C39A-4B64-972E-C2F449924683}.Debug|Any CPU.ActiveCfg = Debug|Any CPU
		{31E0D7E3-C39A-4B64-972E-C2F449924683}.Debug|Any CPU.Build.0 = Debug|Any CPU
		{31E0D7E3-C39A-4B64-972E-C2F449924683}.Release|Any CPU.ActiveCfg = Release|Any CPU
		{31E0D7E3-C39A-4B64-972E-C2F449924683}.Release|Any CPU.Build.0 = Release|Any CPU
		{8ADDDD64-FDFB-43BF-81BB-A9541A9580F0}.Debug|Any CPU.ActiveCfg = Debug|Any CPU
		{8ADDDD64-FDFB-43BF-81BB-A9541A9580F0}.Debug|Any CPU.Build.0 = Debug|Any CPU
		{8ADDDD64-FDFB-43BF-81BB-A9541A9580F0}.Release|Any CPU.ActiveCfg = Release|Any CPU
		{8ADDDD64-FDFB-43BF-81BB-A9541A9580F0}.Release|Any CPU.Build.0 = Release|Any CPU
	EndGlobalSection
	GlobalSection(SolutionProperties) = preSolution
		HideSolutionNode = FALSE
	EndGlobalSection
	GlobalSection(NestedProjects) = preSolution
		{FC604095-5972-4636-97DC-CE7F3B10CE28} = {CA817F5F-CF86-4CCC-B6B9-C617FDBDB76A}
		{5F71D97F-D791-4338-B2FA-7CF493BB6643} = {CA817F5F-CF86-4CCC-B6B9-C617FDBDB76A}
		{DE11CC16-C48A-4300-8EF1-67CE91334E01} = {CA817F5F-CF86-4CCC-B6B9-C617FDBDB76A}
		{4681884F-B63A-4F6A-927E-FEAE5B74D11B} = {8BFE1029-CCBA-4784-B6D9-7C85E03365AA}
		{31E0D7E3-C39A-4B64-972E-C2F449924683} = {8BFE1029-CCBA-4784-B6D9-7C85E03365AA}
		{8ADDDD64-FDFB-43BF-81BB-A9541A9580F0} = {8BFE1029-CCBA-4784-B6D9-7C85E03365AA}
	EndGlobalSection
	GlobalSection(ExtensibilityGlobals) = postSolution
		SolutionGuid = {4B0382C4-3685-4FE3-A274-CA77C9CD9C68}
	EndGlobalSection
EndGlobal
